
Microsoft Visual Studio Solution File, Format Version 12.00
# Visual Studio 15
VisualStudioVersion = 15.0.28010.2046
MinimumVisualStudioVersion = 10.0.40219.1
Project("{FAE04EC0-301F-11D3-BF4B-00C04F79EFBC}") = "gmt-eval", "gmt-eval\gmt-eval.csproj", "{FDAFFD49-7DDC-451D-9F19-40C7380C7173}"
EndProject
Global
	GlobalSection(SolutionConfigurationPlatforms) = preSolution
		Debug|Any CPU = Debug|Any CPU
		Release|Any CPU = Release|Any CPU
	EndGlobalSection
	GlobalSection(ProjectConfigurationPlatforms) = postSolution
		{FDAFFD49-7DDC-451D-9F19-40C7380C7173}.Debug|Any CPU.ActiveCfg = Debug|Any CPU
		{FDAFFD49-7DDC-451D-9F19-40C7380C7173}.Debug|Any CPU.Build.0 = Debug|Any CPU
		{FDAFFD49-7DDC-451D-9F19-40C7380C7173}.Release|Any CPU.ActiveCfg = Release|Any CPU
		{FDAFFD49-7DDC-451D-9F19-40C7380C7173}.Release|Any CPU.Build.0 = Release|Any CPU
	EndGlobalSection
	GlobalSection(SolutionProperties) = preSolution
		HideSolutionNode = FALSE
	EndGlobalSection
	GlobalSection(ExtensibilityGlobals) = postSolution
		SolutionGuid = {B9446E27-5C64-4E39-8E80-81667BF1B68A}
	EndGlobalSection
EndGlobal
